
Microsoft Visual Studio Solution File, Format Version 12.00
# Visual Studio Version 16
VisualStudioVersion = 16.0.32510.428
MinimumVisualStudioVersion = 10.0.40219.1
Project("{FAE04EC0-301F-11D3-BF4B-00C04F79EFBC}") = "EduHome", "EduHome\EduHome.csproj", "{F2C2990C-F3B5-4D69-B9E6-7B2C51D99A1A}"
EndProject
Global
	GlobalSection(SolutionConfigurationPlatforms) = preSolution
		Debug|Any CPU = Debug|Any CPU
		Release|Any CPU = Release|Any CPU
	EndGlobalSection
	GlobalSection(ProjectConfigurationPlatforms) = postSolution
		{F2C2990C-F3B5-4D69-B9E6-7B2C51D99A1A}.Debug|Any CPU.ActiveCfg = Debug|Any CPU
		{F2C2990C-F3B5-4D69-B9E6-7B2C51D99A1A}.Debug|Any CPU.Build.0 = Debug|Any CPU
		{F2C2990C-F3B5-4D69-B9E6-7B2C51D99A1A}.Release|Any CPU.ActiveCfg = Release|Any CPU
		{F2C2990C-F3B5-4D69-B9E6-7B2C51D99A1A}.Release|Any CPU.Build.0 = Release|Any CPU
	EndGlobalSection
	GlobalSection(SolutionProperties) = preSolution
		HideSolutionNode = FALSE
	EndGlobalSection
	GlobalSection(ExtensibilityGlobals) = postSolution
		SolutionGuid = {D424963B-6048-4CCF-8127-4BCFD19CDDDA}
	EndGlobalSection
EndGlobal
